// !$*UTF8*$!
{
	archiveVersion = 1;
	classes = {
	};
	objectVersion = 51;
	objects = {

/* Begin PBXBuildFile section */
		8D09492B23A9ECF700657765 /* SwipeTableViewController.swift in Sources */ = {isa = PBXBuildFile; fileRef = 8D09492A23A9ECF700657765 /* SwipeTableViewController.swift */; };
		8D396E2F239F35590018347E /* Item.swift in Sources */ = {isa = PBXBuildFile; fileRef = 8D396E2E239F35590018347E /* Item.swift */; };
		8D396E31239F357B0018347E /* Category.swift in Sources */ = {isa = PBXBuildFile; fileRef = 8D396E30239F357B0018347E /* Category.swift */; };
		8D47F6002357E7AD00B35FAC /* AppDelegate.swift in Sources */ = {isa = PBXBuildFile; fileRef = 8D47F5FF2357E7AD00B35FAC /* AppDelegate.swift */; };
		8D47F6022357E7AD00B35FAC /* SceneDelegate.swift in Sources */ = {isa = PBXBuildFile; fileRef = 8D47F6012357E7AD00B35FAC /* SceneDelegate.swift */; };
		8D47F6042357E7AD00B35FAC /* TodoListViewController.swift in Sources */ = {isa = PBXBuildFile; fileRef = 8D47F6032357E7AD00B35FAC /* TodoListViewController.swift */; };
		8D47F6072357E7AD00B35FAC /* Main.storyboard in Resources */ = {isa = PBXBuildFile; fileRef = 8D47F6052357E7AD00B35FAC /* Main.storyboard */; };
		8D47F6092357E7AF00B35FAC /* Assets.xcassets in Resources */ = {isa = PBXBuildFile; fileRef = 8D47F6082357E7AF00B35FAC /* Assets.xcassets */; };
		8D47F60C2357E7AF00B35FAC /* LaunchScreen.storyboard in Resources */ = {isa = PBXBuildFile; fileRef = 8D47F60A2357E7AF00B35FAC /* LaunchScreen.storyboard */; };
		8D80E7B62395CA6300EC1D1E /* CategoryViewController.swift in Sources */ = {isa = PBXBuildFile; fileRef = 8D80E7B52395CA6300EC1D1E /* CategoryViewController.swift */; };
		DA44E5E503196F286CEA446B /* Pods_Todoey.framework in Frameworks */ = {isa = PBXBuildFile; fileRef = B21E97FD47F7AFD1CF1BE952 /* Pods_Todoey.framework */; };
/* End PBXBuildFile section */

/* Begin PBXFileReference section */
		8D09492A23A9ECF700657765 /* SwipeTableViewController.swift */ = {isa = PBXFileReference; lastKnownFileType = sourcecode.swift; path = SwipeTableViewController.swift; sourceTree = "<group>"; };
		8D396E2E239F35590018347E /* Item.swift */ = {isa = PBXFileReference; lastKnownFileType = sourcecode.swift; path = Item.swift; sourceTree = "<group>"; };
		8D396E30239F357B0018347E /* Category.swift */ = {isa = PBXFileReference; lastKnownFileType = sourcecode.swift; path = Category.swift; sourceTree = "<group>"; };
		8D47F5FC2357E7AD00B35FAC /* Todoey.app */ = {isa = PBXFileReference; explicitFileType = wrapper.application; includeInIndex = 0; path = Todoey.app; sourceTree = BUILT_PRODUCTS_DIR; };
		8D47F5FF2357E7AD00B35FAC /* AppDelegate.swift */ = {isa = PBXFileReference; lastKnownFileType = sourcecode.swift; path = AppDelegate.swift; sourceTree = "<group>"; };
		8D47F6012357E7AD00B35FAC /* SceneDelegate.swift */ = {isa = PBXFileReference; lastKnownFileType = sourcecode.swift; path = SceneDelegate.swift; sourceTree = "<group>"; };
		8D47F6032357E7AD00B35FAC /* TodoListViewController.swift */ = {isa = PBXFileReference; lastKnownFileType = sourcecode.swift; path = TodoListViewController.swift; sourceTree = "<group>"; };
		8D47F6062357E7AD00B35FAC /* Base */ = {isa = PBXFileReference; lastKnownFileType = file.storyboard; name = Base; path = Base.lproj/Main.storyboard; sourceTree = "<group>"; };
		8D47F6082357E7AF00B35FAC /* Assets.xcassets */ = {isa = PBXFileReference; lastKnownFileType = folder.assetcatalog; path = Assets.xcassets; sourceTree = "<group>"; };
		8D47F60B2357E7AF00B35FAC /* Base */ = {isa = PBXFileReference; lastKnownFileType = file.storyboard; name = Base; path = Base.lproj/LaunchScreen.storyboard; sourceTree = "<group>"; };
		8D47F60D2357E7AF00B35FAC /* Info.plist */ = {isa = PBXFileReference; lastKnownFileType = text.plist.xml; path = Info.plist; sourceTree = "<group>"; };
		8D80E7B52395CA6300EC1D1E /* CategoryViewController.swift */ = {isa = PBXFileReference; lastKnownFileType = sourcecode.swift; path = CategoryViewController.swift; sourceTree = "<group>"; };
		97D438877004280594AAFB5B /* Pods-Todoey.debug.xcconfig */ = {isa = PBXFileReference; includeInIndex = 1; lastKnownFileType = text.xcconfig; name = "Pods-Todoey.debug.xcconfig"; path = "Target Support Files/Pods-Todoey/Pods-Todoey.debug.xcconfig"; sourceTree = "<group>"; };
		B21E97FD47F7AFD1CF1BE952 /* Pods_Todoey.framework */ = {isa = PBXFileReference; explicitFileType = wrapper.framework; includeInIndex = 0; path = Pods_Todoey.framework; sourceTree = BUILT_PRODUCTS_DIR; };
		DB252612250997A9898CEDB5 /* Pods-Todoey.release.xcconfig */ = {isa = PBXFileReference; includeInIndex = 1; lastKnownFileType = text.xcconfig; name = "Pods-Todoey.release.xcconfig"; path = "Target Support Files/Pods-Todoey/Pods-Todoey.release.xcconfig"; sourceTree = "<group>"; };
/* End PBXFileReference section */

/* Begin PBXFrameworksBuildPhase section */
		8D47F5F92357E7AD00B35FAC /* Frameworks */ = {
			isa = PBXFrameworksBuildPhase;
			buildActionMask = 2147483647;
			files = (
				DA44E5E503196F286CEA446B /* Pods_Todoey.framework in Frameworks */,
			);
			runOnlyForDeploymentPostprocessing = 0;
		};
/* End PBXFrameworksBuildPhase section */

/* Begin PBXGroup section */
		19E984551503694BC34224C2 /* Pods */ = {
			isa = PBXGroup;
			children = (
				97D438877004280594AAFB5B /* Pods-Todoey.debug.xcconfig */,
				DB252612250997A9898CEDB5 /* Pods-Todoey.release.xcconfig */,
			);
			path = Pods;
			sourceTree = "<group>";
		};
		8D47F5F32357E7AD00B35FAC = {
			isa = PBXGroup;
			children = (
				8D47F5FE2357E7AD00B35FAC /* Todoey */,
				8D47F5FD2357E7AD00B35FAC /* Products */,
				19E984551503694BC34224C2 /* Pods */,
				E6D7D5A4C873970AC091BB37 /* Frameworks */,
			);
			sourceTree = "<group>";
		};
		8D47F5FD2357E7AD00B35FAC /* Products */ = {
			isa = PBXGroup;
			children = (
				8D47F5FC2357E7AD00B35FAC /* Todoey.app */,
			);
			name = Products;
			sourceTree = "<group>";
		};
		8D47F5FE2357E7AD00B35FAC /* Todoey */ = {
			isa = PBXGroup;
			children = (
				8D47F5FF2357E7AD00B35FAC /* AppDelegate.swift */,
				8D47F6012357E7AD00B35FAC /* SceneDelegate.swift */,
				8D4B7EC2237395ED0035D837 /* Controllers */,
				8D4B7EBF237395850035D837 /* Data Model */,
				8D4B7EC3237396270035D837 /* Views */,
				8D4B7EC4237396580035D837 /* Supporting Files */,
				8D47F60D2357E7AF00B35FAC /* Info.plist */,
			);
			path = Todoey;
			sourceTree = "<group>";
		};
		8D4B7EBF237395850035D837 /* Data Model */ = {
			isa = PBXGroup;
			children = (
				8D396E30239F357B0018347E /* Category.swift */,
				8D396E2E239F35590018347E /* Item.swift */,
			);
			path = "Data Model";
			sourceTree = "<group>";
		};
		8D4B7EC2237395ED0035D837 /* Controllers */ = {
			isa = PBXGroup;
			children = (
				8D80E7B52395CA6300EC1D1E /* CategoryViewController.swift */,
				8D47F6032357E7AD00B35FAC /* TodoListViewController.swift */,
				8D09492A23A9ECF700657765 /* SwipeTableViewController.swift */,
			);
			path = Controllers;
			sourceTree = "<group>";
		};
		8D4B7EC3237396270035D837 /* Views */ = {
			isa = PBXGroup;
			children = (
				8D47F6052357E7AD00B35FAC /* Main.storyboard */,
			);
			path = Views;
			sourceTree = "<group>";
		};
		8D4B7EC4237396580035D837 /* Supporting Files */ = {
			isa = PBXGroup;
			children = (
				8D47F6082357E7AF00B35FAC /* Assets.xcassets */,
				8D47F60A2357E7AF00B35FAC /* LaunchScreen.storyboard */,
			);
			path = "Supporting Files";
			sourceTree = "<group>";
		};
		E6D7D5A4C873970AC091BB37 /* Frameworks */ = {
			isa = PBXGroup;
			children = (
				B21E97FD47F7AFD1CF1BE952 /* Pods_Todoey.framework */,
			);
			name = Frameworks;
			sourceTree = "<group>";
		};
/* End PBXGroup section */

/* Begin PBXNativeTarget section */
		8D47F5FB2357E7AD00B35FAC /* Todoey */ = {
			isa = PBXNativeTarget;
			buildConfigurationList = 8D47F6102357E7AF00B35FAC /* Build configuration list for PBXNativeTarget "Todoey" */;
			buildPhases = (
				850A918A82C397B3491CEFAA /* [CP] Check Pods Manifest.lock */,
				8D47F5F82357E7AD00B35FAC /* Sources */,
				8D47F5F92357E7AD00B35FAC /* Frameworks */,
				8D47F5FA2357E7AD00B35FAC /* Resources */,
				0A8539430814D9EA7A2F1C5D /* [CP] Embed Pods Frameworks */,
			);
			buildRules = (
			);
			dependencies = (
			);
			name = Todoey;
			productName = Todoey;
			productReference = 8D47F5FC2357E7AD00B35FAC /* Todoey.app */;
			productType = "com.apple.product-type.application";
		};
/* End PBXNativeTarget section */

/* Begin PBXProject section */
		8D47F5F42357E7AD00B35FAC /* Project object */ = {
			isa = PBXProject;
			attributes = {
				LastSwiftUpdateCheck = 1120;
				LastUpgradeCheck = 1120;
				ORGANIZATIONNAME = JACAI;
				TargetAttributes = {
					8D47F5FB2357E7AD00B35FAC = {
						CreatedOnToolsVersion = 11.2;
					};
				};
			};
			buildConfigurationList = 8D47F5F72357E7AD00B35FAC /* Build configuration list for PBXProject "Todoey" */;
			compatibilityVersion = "Xcode 9.3";
			developmentRegion = en;
			hasScannedForEncodings = 0;
			knownRegions = (
				en,
				Base,
			);
			mainGroup = 8D47F5F32357E7AD00B35FAC;
			productRefGroup = 8D47F5FD2357E7AD00B35FAC /* Products */;
			projectDirPath = "";
			projectRoot = "";
			targets = (
				8D47F5FB2357E7AD00B35FAC /* Todoey */,
			);
		};
/* End PBXProject section */

/* Begin PBXResourcesBuildPhase section */
		8D47F5FA2357E7AD00B35FAC /* Resources */ = {
			isa = PBXResourcesBuildPhase;
			buildActionMask = 2147483647;
			files = (
				8D47F60C2357E7AF00B35FAC /* LaunchScreen.storyboard in Resources */,
				8D47F6092357E7AF00B35FAC /* Assets.xcassets in Resources */,
				8D47F6072357E7AD00B35FAC /* Main.storyboard in Resources */,
			);
			runOnlyForDeploymentPostprocessing = 0;
		};
/* End PBXResourcesBuildPhase section */

/* Begin PBXShellScriptBuildPhase section */
		0A8539430814D9EA7A2F1C5D /* [CP] Embed Pods Frameworks */ = {
			isa = PBXShellScriptBuildPhase;
			buildActionMask = 2147483647;
			files = (
			);
			inputFileListPaths = (
				"${PODS_ROOT}/Target Support Files/Pods-Todoey/Pods-Todoey-frameworks-${CONFIGURATION}-input-files.xcfilelist",
			);
			name = "[CP] Embed Pods Frameworks";
			outputFileListPaths = (
				"${PODS_ROOT}/Target Support Files/Pods-Todoey/Pods-Todoey-frameworks-${CONFIGURATION}-output-files.xcfilelist",
			);
			runOnlyForDeploymentPostprocessing = 0;
			shellPath = /bin/sh;
			shellScript = "\"${PODS_ROOT}/Target Support Files/Pods-Todoey/Pods-Todoey-frameworks.sh\"\n";
			showEnvVarsInLog = 0;
		};
		850A918A82C397B3491CEFAA /* [CP] Check Pods Manifest.lock */ = {
			isa = PBXShellScriptBuildPhase;
			buildActionMask = 2147483647;
			files = (
			);
			inputFileListPaths = (
			);
			inputPaths = (
				"${PODS_PODFILE_DIR_PATH}/Podfile.lock",
				"${PODS_ROOT}/Manifest.lock",
			);
			name = "[CP] Check Pods Manifest.lock";
			outputFileListPaths = (
			);
			outputPaths = (
				"$(DERIVED_FILE_DIR)/Pods-Todoey-checkManifestLockResult.txt",
			);
			runOnlyForDeploymentPostprocessing = 0;
			shellPath = /bin/sh;
			shellScript = "diff \"${PODS_PODFILE_DIR_PATH}/Podfile.lock\" \"${PODS_ROOT}/Manifest.lock\" > /dev/null\nif [ $? != 0 ] ; then\n    # print error to STDERR\n    echo \"error: The sandbox is not in sync with the Podfile.lock. Run 'pod install' or update your CocoaPods installation.\" >&2\n    exit 1\nfi\n# This output is used by Xcode 'outputs' to avoid re-running this script phase.\necho \"SUCCESS\" > \"${SCRIPT_OUTPUT_FILE_0}\"\n";
			showEnvVarsInLog = 0;
		};
/* End PBXShellScriptBuildPhase section */

/* Begin PBXSourcesBuildPhase section */
		8D47F5F82357E7AD00B35FAC /* Sources */ = {
			isa = PBXSourcesBuildPhase;
			buildActionMask = 2147483647;
			files = (
				8D80E7B62395CA6300EC1D1E /* CategoryViewController.swift in Sources */,
				8D47F6042357E7AD00B35FAC /* TodoListViewController.swift in Sources */,
				8D47F6002357E7AD00B35FAC /* AppDelegate.swift in Sources */,
				8D09492B23A9ECF700657765 /* SwipeTableViewController.swift in Sources */,
				8D396E2F239F35590018347E /* Item.swift in Sources */,
				8D47F6022357E7AD00B35FAC /* SceneDelegate.swift in Sources */,
				8D396E31239F357B0018347E /* Category.swift in Sources */,
			);
			runOnlyForDeploymentPostprocessing = 0;
		};
/* End PBXSourcesBuildPhase section */

/* Begin PBXVariantGroup section */
		8D47F6052357E7AD00B35FAC /* Main.storyboard */ = {
			isa = PBXVariantGroup;
			children = (
				8D47F6062357E7AD00B35FAC /* Base */,
			);
			name = Main.storyboard;
			sourceTree = "<group>";
		};
		8D47F60A2357E7AF00B35FAC /* LaunchScreen.storyboard */ = {
			isa = PBXVariantGroup;
			children = (
				8D47F60B2357E7AF00B35FAC /* Base */,
			);
			name = LaunchScreen.storyboard;
			sourceTree = "<group>";
		};
/* End PBXVariantGroup section */

/* Begin XCBuildConfiguration section */
		8D47F60E2357E7AF00B35FAC /* Debug */ = {
			isa = XCBuildConfiguration;
			buildSettings = {
				ALWAYS_SEARCH_USER_PATHS = NO;
				CLANG_ANALYZER_NONNULL = YES;
				CLANG_ANALYZER_NUMBER_OBJECT_CONVERSION = YES_AGGRESSIVE;
				CLANG_CXX_LANGUAGE_STANDARD = "gnu++14";
				CLANG_CXX_LIBRARY = "libc++";
				CLANG_ENABLE_MODULES = YES;
				CLANG_ENABLE_OBJC_ARC = YES;
				CLANG_ENABLE_OBJC_WEAK = YES;
				CLANG_WARN_BLOCK_CAPTURE_AUTORELEASING = YES;
				CLANG_WARN_BOOL_CONVERSION = YES;
				CLANG_WARN_COMMA = YES;
				CLANG_WARN_CONSTANT_CONVERSION = YES;
				CLANG_WARN_DEPRECATED_OBJC_IMPLEMENTATIONS = YES;
				CLANG_WARN_DIRECT_OBJC_ISA_USAGE = YES_ERROR;
				CLANG_WARN_DOCUMENTATION_COMMENTS = YES;
				CLANG_WARN_EMPTY_BODY = YES;
				CLANG_WARN_ENUM_CONVERSION = YES;
				CLANG_WARN_INFINITE_RECURSION = YES;
				CLANG_WARN_INT_CONVERSION = YES;
				CLANG_WARN_NON_LITERAL_NULL_CONVERSION = YES;
				CLANG_WARN_OBJC_IMPLICIT_RETAIN_SELF = YES;
				CLANG_WARN_OBJC_LITERAL_CONVERSION = YES;
				CLANG_WARN_OBJC_ROOT_CLASS = YES_ERROR;
				CLANG_WARN_RANGE_LOOP_ANALYSIS = YES;
				CLANG_WARN_STRICT_PROTOTYPES = YES;
				CLANG_WARN_SUSPICIOUS_MOVE = YES;
				CLANG_WARN_UNGUARDED_AVAILABILITY = YES_AGGRESSIVE;
				CLANG_WARN_UNREACHABLE_CODE = YES;
				CLANG_WARN__DUPLICATE_METHOD_MATCH = YES;
				COPY_PHASE_STRIP = NO;
				DEBUG_INFORMATION_FORMAT = dwarf;
				ENABLE_STRICT_OBJC_MSGSEND = YES;
				ENABLE_TESTABILITY = YES;
				GCC_C_LANGUAGE_STANDARD = gnu11;
				GCC_DYNAMIC_NO_PIC = NO;
				GCC_NO_COMMON_BLOCKS = YES;
				GCC_OPTIMIZATION_LEVEL = 0;
				GCC_PREPROCESSOR_DEFINITIONS = (
					"DEBUG=1",
					"$(inherited)",
				);
				GCC_WARN_64_TO_32_BIT_CONVERSION = YES;
				GCC_WARN_ABOUT_RETURN_TYPE = YES_ERROR;
				GCC_WARN_UNDECLARED_SELECTOR = YES;
				GCC_WARN_UNINITIALIZED_AUTOS = YES_AGGRESSIVE;
				GCC_WARN_UNUSED_FUNCTION = YES;
				GCC_WARN_UNUSED_VARIABLE = YES;
				IPHONEOS_DEPLOYMENT_TARGET = 13.2;
				MTL_ENABLE_DEBUG_INFO = INCLUDE_SOURCE;
				MTL_FAST_MATH = YES;
				ONLY_ACTIVE_ARCH = YES;
				SDKROOT = iphoneos;
				SWIFT_ACTIVE_COMPILATION_CONDITIONS = DEBUG;
				SWIFT_OPTIMIZATION_LEVEL = "-Onone";
			};
			name = Debug;
		};
		8D47F60F2357E7AF00B35FAC /* Release */ = {
			isa = XCBuildConfiguration;
			buildSettings = {
				ALWAYS_SEARCH_USER_PATHS = NO;
				CLANG_ANALYZER_NONNULL = YES;
				CLANG_ANALYZER_NUMBER_OBJECT_CONVERSION = YES_AGGRESSIVE;
				CLANG_CXX_LANGUAGE_STANDARD = "gnu++14";
				CLANG_CXX_LIBRARY = "libc++";
				CLANG_ENABLE_MODULES = YES;
				CLANG_ENABLE_OBJC_ARC = YES;
				CLANG_ENABLE_OBJC_WEAK = YES;
				CLANG_WARN_BLOCK_CAPTURE_AUTORELEASING = YES;
				CLANG_WARN_BOOL_CONVERSION = YES;
				CLANG_WARN_COMMA = YES;
				CLANG_WARN_CONSTANT_CONVERSION = YES;
				CLANG_WARN_DEPRECATED_OBJC_IMPLEMENTATIONS = YES;
				CLANG_WARN_DIRECT_OBJC_ISA_USAGE = YES_ERROR;
				CLANG_WARN_DOCUMENTATION_COMMENTS = YES;
				CLANG_WARN_EMPTY_BODY = YES;
				CLANG_WARN_ENUM_CONVERSION = YES;
				CLANG_WARN_INFINITE_RECURSION = YES;
				CLANG_WARN_INT_CONVERSION = YES;
				CLANG_WARN_NON_LITERAL_NULL_CONVERSION = YES;
				CLANG_WARN_OBJC_IMPLICIT_RETAIN_SELF = YES;
				CLANG_WARN_OBJC_LITERAL_CONVERSION = YES;
				CLANG_WARN_OBJC_ROOT_CLASS = YES_ERROR;
				CLANG_WARN_RANGE_LOOP_ANALYSIS = YES;
				CLANG_WARN_STRICT_PROTOTYPES = YES;
				CLANG_WARN_SUSPICIOUS_MOVE = YES;
				CLANG_WARN_UNGUARDED_AVAILABILITY = YES_AGGRESSIVE;
				CLANG_WARN_UNREACHABLE_CODE = YES;
				CLANG_WARN__DUPLICATE_METHOD_MATCH = YES;
				COPY_PHASE_STRIP = NO;
				DEBUG_INFORMATION_FORMAT = "dwarf-with-dsym";
				ENABLE_NS_ASSERTIONS = NO;
				ENABLE_STRICT_OBJC_MSGSEND = YES;
				GCC_C_LANGUAGE_STANDARD = gnu11;
				GCC_NO_COMMON_BLOCKS = YES;
				GCC_WARN_64_TO_32_BIT_CONVERSION = YES;
				GCC_WARN_ABOUT_RETURN_TYPE = YES_ERROR;
				GCC_WARN_UNDECLARED_SELECTOR = YES;
				GCC_WARN_UNINITIALIZED_AUTOS = YES_AGGRESSIVE;
				GCC_WARN_UNUSED_FUNCTION = YES;
				GCC_WARN_UNUSED_VARIABLE = YES;
				IPHONEOS_DEPLOYMENT_TARGET = 13.2;
				MTL_ENABLE_DEBUG_INFO = NO;
				MTL_FAST_MATH = YES;
				SDKROOT = iphoneos;
				SWIFT_COMPILATION_MODE = wholemodule;
				SWIFT_OPTIMIZATION_LEVEL = "-O";
				VALIDATE_PRODUCT = YES;
			};
			name = Release;
		};
		8D47F6112357E7AF00B35FAC /* Debug */ = {
			isa = XCBuildConfiguration;
			baseConfigurationReference = 97D438877004280594AAFB5B /* Pods-Todoey.debug.xcconfig */;
			buildSettings = {
				ASSETCATALOG_COMPILER_APPICON_NAME = AppIcon;
				CODE_SIGN_STYLE = Automatic;
				DEVELOPMENT_TEAM = 667ZH7986K;
				INFOPLIST_FILE = Todoey/Info.plist;
				LD_RUNPATH_SEARCH_PATHS = (
					"$(inherited)",
					"@executable_path/Frameworks",
				);
				PRODUCT_BUNDLE_IDENTIFIER = com.AppDevelopment.Todoey;
				PRODUCT_NAME = "$(TARGET_NAME)";
				SWIFT_VERSION = 5.0;
				TARGETED_DEVICE_FAMILY = "1,2";
			};
			name = Debug;
		};
		8D47F6122357E7AF00B35FAC /* Release */ = {
			isa = XCBuildConfiguration;
			baseConfigurationReference = DB252612250997A9898CEDB5 /* Pods-Todoey.release.xcconfig */;
			buildSettings = {
				ASSETCATALOG_COMPILER_APPICON_NAME = AppIcon;
				CODE_SIGN_STYLE = Automatic;
				DEVELOPMENT_TEAM = 667ZH7986K;
				INFOPLIST_FILE = Todoey/Info.plist;
				LD_RUNPATH_SEARCH_PATHS = (
					"$(inherited)",
					"@executable_path/Frameworks",
				);
				PRODUCT_BUNDLE_IDENTIFIER = com.AppDevelopment.Todoey;
				PRODUCT_NAME = "$(TARGET_NAME)";
				SWIFT_VERSION = 5.0;
				TARGETED_DEVICE_FAMILY = "1,2";
			};
			name = Release;
		};
/* End XCBuildConfiguration section */

/* Begin XCConfigurationList section */
		8D47F5F72357E7AD00B35FAC /* Build configuration list for PBXProject "Todoey" */ = {
			isa = XCConfigurationList;
			buildConfigurations = (
				8D47F60E2357E7AF00B35FAC /* Debug */,
				8D47F60F2357E7AF00B35FAC /* Release */,
			);
			defaultConfigurationIsVisible = 0;
			defaultConfigurationName = Release;
		};
		8D47F6102357E7AF00B35FAC /* Build configuration list for PBXNativeTarget "Todoey" */ = {
			isa = XCConfigurationList;
			buildConfigurations = (
				8D47F6112357E7AF00B35FAC /* Debug */,
				8D47F6122357E7AF00B35FAC /* Release */,
			);
			defaultConfigurationIsVisible = 0;
			defaultConfigurationName = Release;
		};
/* End XCConfigurationList section */
	};
	rootObject = 8D47F5F42357E7AD00B35FAC /* Project object */;
}
